
Microsoft Visual Studio Solution File, Format Version 12.00
# Visual Studio Version 17
VisualStudioVersion = 17.3.32929.385
MinimumVisualStudioVersion = 10.0.40219.1
Project("{FAE04EC0-301F-11D3-BF4B-00C04F79EFBC}") = "EDIG Api Task", "EDIG Api Task\EDIG Api Task.csproj", "{B1E5A98C-E06D-40C7-8197-F202975CF464}"
EndProject
Project("{FAE04EC0-301F-11D3-BF4B-00C04F79EFBC}") = "DataAccessLayer", "DataAccessLayer\DataAccessLayer.csproj", "{052B354A-5B2A-4A87-9591-A7E7DE03B9BA}"
EndProject
Project("{FAE04EC0-301F-11D3-BF4B-00C04F79EFBC}") = "BusinessLayer", "BusinessLayer\BusinessLayer.csproj", "{670FBB9E-73AB-441C-94BE-8042AD54F5B9}"
EndProject
Global
	GlobalSection(SolutionConfigurationPlatforms) = preSolution
		Debug|Any CPU = Debug|Any CPU
		Release|Any CPU = Release|Any CPU
	EndGlobalSection
	GlobalSection(ProjectConfigurationPlatforms) = postSolution
		{B1E5A98C-E06D-40C7-8197-F202975CF464}.Debug|Any CPU.ActiveCfg = Debug|Any CPU
		{B1E5A98C-E06D-40C7-8197-F202975CF464}.Debug|Any CPU.Build.0 = Debug|Any CPU
		{B1E5A98C-E06D-40C7-8197-F202975CF464}.Release|Any CPU.ActiveCfg = Release|Any CPU
		{B1E5A98C-E06D-40C7-8197-F202975CF464}.Release|Any CPU.Build.0 = Release|Any CPU
		{052B354A-5B2A-4A87-9591-A7E7DE03B9BA}.Debug|Any CPU.ActiveCfg = Debug|Any CPU
		{052B354A-5B2A-4A87-9591-A7E7DE03B9BA}.Debug|Any CPU.Build.0 = Debug|Any CPU
		{052B354A-5B2A-4A87-9591-A7E7DE03B9BA}.Release|Any CPU.ActiveCfg = Release|Any CPU
		{052B354A-5B2A-4A87-9591-A7E7DE03B9BA}.Release|Any CPU.Build.0 = Release|Any CPU
		{670FBB9E-73AB-441C-94BE-8042AD54F5B9}.Debug|Any CPU.ActiveCfg = Debug|Any CPU
		{670FBB9E-73AB-441C-94BE-8042AD54F5B9}.Debug|Any CPU.Build.0 = Debug|Any CPU
		{670FBB9E-73AB-441C-94BE-8042AD54F5B9}.Release|Any CPU.ActiveCfg = Release|Any CPU
		{670FBB9E-73AB-441C-94BE-8042AD54F5B9}.Release|Any CPU.Build.0 = Release|Any CPU
	EndGlobalSection
	GlobalSection(SolutionProperties) = preSolution
		HideSolutionNode = FALSE
	EndGlobalSection
	GlobalSection(ExtensibilityGlobals) = postSolution
		SolutionGuid = {37FB9FC8-E684-4728-8701-018B3298FC03}
	EndGlobalSection
EndGlobal
